
Microsoft Visual Studio Solution File, Format Version 12.00
# Visual Studio Version 17
VisualStudioVersion = 17.1.32210.238
MinimumVisualStudioVersion = 10.0.40219.1
Project("{FAE04EC0-301F-11D3-BF4B-00C04F79EFBC}") = "tpmodul5_1302204126", "tpmodul5_1302204126.csproj", "{FBE68218-097A-4F64-896A-8A7E98C13EDF}"
EndProject
Global
	GlobalSection(SolutionConfigurationPlatforms) = preSolution
		Debug|Any CPU = Debug|Any CPU
		Release|Any CPU = Release|Any CPU
	EndGlobalSection
	GlobalSection(ProjectConfigurationPlatforms) = postSolution
		{FBE68218-097A-4F64-896A-8A7E98C13EDF}.Debug|Any CPU.ActiveCfg = Debug|Any CPU
		{FBE68218-097A-4F64-896A-8A7E98C13EDF}.Debug|Any CPU.Build.0 = Debug|Any CPU
		{FBE68218-097A-4F64-896A-8A7E98C13EDF}.Release|Any CPU.ActiveCfg = Release|Any CPU
		{FBE68218-097A-4F64-896A-8A7E98C13EDF}.Release|Any CPU.Build.0 = Release|Any CPU
	EndGlobalSection
	GlobalSection(SolutionProperties) = preSolution
		HideSolutionNode = FALSE
	EndGlobalSection
	GlobalSection(ExtensibilityGlobals) = postSolution
		SolutionGuid = {5EA742AC-DA62-41B1-8455-AAC114A262E6}
	EndGlobalSection
EndGlobal
